// !$*UTF8*$!
{
	archiveVersion = 1;
	classes = {
	};
	objectVersion = 77;
	objects = {

/* Begin PBXBuildFile section */
		22CC2BBB2E5DDD3C000C5756 /* GoogleService-Info.plist in Resources */ = {isa = PBXBuildFile; fileRef = 22CC2BBA2E5DDD3C000C5756 /* GoogleService-Info.plist */; };
		22CC2BBE2E5DDE8C000C5756 /* FirebaseAuth in Frameworks */ = {isa = PBXBuildFile; productRef = 22CC2BBD2E5DDE8C000C5756 /* FirebaseAuth */; };
		22CC2BC02E5DDE8C000C5756 /* FirebaseCore in Frameworks */ = {isa = PBXBuildFile; productRef = 22CC2BBF2E5DDE8C000C5756 /* FirebaseCore */; };
		22CC2BC22E5DDE8C000C5756 /* FirebaseDatabase in Frameworks */ = {isa = PBXBuildFile; productRef = 22CC2BC12E5DDE8C000C5756 /* FirebaseDatabase */; };
		22CC2BC42E5DDEF4000C5756 /* FirebaseFirestore in Frameworks */ = {isa = PBXBuildFile; productRef = 22CC2BC32E5DDEF4000C5756 /* FirebaseFirestore */; };
/* End PBXBuildFile section */

/* Begin PBXContainerItemProxy section */
		22A33C992E1D43B30089C653 /* PBXContainerItemProxy */ = {
			isa = PBXContainerItemProxy;
			containerPortal = 22A33C832E1D43AE0089C653 /* Project object */;
			proxyType = 1;
			remoteGlobalIDString = 22A33C8A2E1D43AE0089C653;
			remoteInfo = WarikanApp;
		};
		22A33CA32E1D43B30089C653 /* PBXContainerItemProxy */ = {
			isa = PBXContainerItemProxy;
			containerPortal = 22A33C832E1D43AE0089C653 /* Project object */;
			proxyType = 1;
			remoteGlobalIDString = 22A33C8A2E1D43AE0089C653;
			remoteInfo = WarikanApp;
		};
/* End PBXContainerItemProxy section */

/* Begin PBXFileReference section */
		22A33C8B2E1D43AE0089C653 /* WarikanApp.app */ = {isa = PBXFileReference; explicitFileType = wrapper.application; includeInIndex = 0; path = WarikanApp.app; sourceTree = BUILT_PRODUCTS_DIR; };
		22A33C982E1D43B30089C653 /* WarikanAppTests.xctest */ = {isa = PBXFileReference; explicitFileType = wrapper.cfbundle; includeInIndex = 0; path = WarikanAppTests.xctest; sourceTree = BUILT_PRODUCTS_DIR; };
		22A33CA22E1D43B30089C653 /* WarikanAppUITests.xctest */ = {isa = PBXFileReference; explicitFileType = wrapper.cfbundle; includeInIndex = 0; path = WarikanAppUITests.xctest; sourceTree = BUILT_PRODUCTS_DIR; };
		22CC2BBA2E5DDD3C000C5756 /* GoogleService-Info.plist */ = {isa = PBXFileReference; lastKnownFileType = text.plist.xml; path = "GoogleService-Info.plist"; sourceTree = "<group>"; };
/* End PBXFileReference section */

/* Begin PBXFileSystemSynchronizedRootGroup section */
		22A33C8D2E1D43AE0089C653 /* WarikanApp */ = {
			isa = PBXFileSystemSynchronizedRootGroup;
			path = WarikanApp;
			sourceTree = "<group>";
		};
		22A33C9B2E1D43B30089C653 /* WarikanAppTests */ = {
			isa = PBXFileSystemSynchronizedRootGroup;
			path = WarikanAppTests;
			sourceTree = "<group>";
		};
		22A33CA52E1D43B30089C653 /* WarikanAppUITests */ = {
			isa = PBXFileSystemSynchronizedRootGroup;
			path = WarikanAppUITests;
			sourceTree = "<group>";
		};
/* End PBXFileSystemSynchronizedRootGroup section */

/* Begin PBXFrameworksBuildPhase section */
		22A33C882E1D43AE0089C653 /* Frameworks */ = {
			isa = PBXFrameworksBuildPhase;
			buildActionMask = 2147483647;
			files = (
				22CC2BC22E5DDE8C000C5756 /* FirebaseDatabase in Frameworks */,
				22CC2BC42E5DDEF4000C5756 /* FirebaseFirestore in Frameworks */,
				22CC2BC02E5DDE8C000C5756 /* FirebaseCore in Frameworks */,
				22CC2BBE2E5DDE8C000C5756 /* FirebaseAuth in Frameworks */,
			);
			runOnlyForDeploymentPostprocessing = 0;
		};
		22A33C952E1D43B30089C653 /* Frameworks */ = {
			isa = PBXFrameworksBuildPhase;
			buildActionMask = 2147483647;
			files = (
			);
			runOnlyForDeploymentPostprocessing = 0;
		};
		22A33C9F2E1D43B30089C653 /* Frameworks */ = {
			isa = PBXFrameworksBuildPhase;
			buildActionMask = 2147483647;
			files = (
			);
			runOnlyForDeploymentPostprocessing = 0;
		};
/* End PBXFrameworksBuildPhase section */

/* Begin PBXGroup section */
		22A33C822E1D43AE0089C653 = {
			isa = PBXGroup;
			children = (
				22A33C8D2E1D43AE0089C653 /* WarikanApp */,
				22A33C9B2E1D43B30089C653 /* WarikanAppTests */,
				22A33CA52E1D43B30089C653 /* WarikanAppUITests */,
				22A33C8C2E1D43AE0089C653 /* Products */,
				22CC2BBA2E5DDD3C000C5756 /* GoogleService-Info.plist */,
			);
			sourceTree = "<group>";
		};
		22A33C8C2E1D43AE0089C653 /* Products */ = {
			isa = PBXGroup;
			children = (
				22A33C8B2E1D43AE0089C653 /* WarikanApp.app */,
				22A33C982E1D43B30089C653 /* WarikanAppTests.xctest */,
				22A33CA22E1D43B30089C653 /* WarikanAppUITests.xctest */,
			);
			name = Products;
			sourceTree = "<group>";
		};
/* End PBXGroup section */

/* Begin PBXNativeTarget section */
		22A33C8A2E1D43AE0089C653 /* WarikanApp */ = {
			isa = PBXNativeTarget;
			buildConfigurationList = 22A33CAC2E1D43B30089C653 /* Build configuration list for PBXNativeTarget "WarikanApp" */;
			buildPhases = (
				22A33C872E1D43AE0089C653 /* Sources */,
				22A33C882E1D43AE0089C653 /* Frameworks */,
				22A33C892E1D43AE0089C653 /* Resources */,
			);
			buildRules = (
			);
			dependencies = (
			);
			fileSystemSynchronizedGroups = (
				22A33C8D2E1D43AE0089C653 /* WarikanApp */,
			);
			name = WarikanApp;
			packageProductDependencies = (
				22CC2BBD2E5DDE8C000C5756 /* FirebaseAuth */,
				22CC2BBF2E5DDE8C000C5756 /* FirebaseCore */,
				22CC2BC12E5DDE8C000C5756 /* FirebaseDatabase */,
				22CC2BC32E5DDEF4000C5756 /* FirebaseFirestore */,
			);
			productName = WarikanApp;
			productReference = 22A33C8B2E1D43AE0089C653 /* WarikanApp.app */;
			productType = "com.apple.product-type.application";
		};
		22A33C972E1D43B30089C653 /* WarikanAppTests */ = {
			isa = PBXNativeTarget;
			buildConfigurationList = 22A33CAF2E1D43B30089C653 /* Build configuration list for PBXNativeTarget "WarikanAppTests" */;
			buildPhases = (
				22A33C942E1D43B30089C653 /* Sources */,
				22A33C952E1D43B30089C653 /* Frameworks */,
				22A33C962E1D43B30089C653 /* Resources */,
			);
			buildRules = (
			);
			dependencies = (
				22A33C9A2E1D43B30089C653 /* PBXTargetDependency */,
			);
			fileSystemSynchronizedGroups = (
				22A33C9B2E1D43B30089C653 /* WarikanAppTests */,
			);
			name = WarikanAppTests;
			packageProductDependencies = (
			);
			productName = WarikanAppTests;
			productReference = 22A33C982E1D43B30089C653 /* WarikanAppTests.xctest */;
			productType = "com.apple.product-type.bundle.unit-test";
		};
		22A33CA12E1D43B30089C653 /* WarikanAppUITests */ = {
			isa = PBXNativeTarget;
			buildConfigurationList = 22A33CB22E1D43B30089C653 /* Build configuration list for PBXNativeTarget "WarikanAppUITests" */;
			buildPhases = (
				22A33C9E2E1D43B30089C653 /* Sources */,
				22A33C9F2E1D43B30089C653 /* Frameworks */,
				22A33CA02E1D43B30089C653 /* Resources */,
			);
			buildRules = (
			);
			dependencies = (
				22A33CA42E1D43B30089C653 /* PBXTargetDependency */,
			);
			fileSystemSynchronizedGroups = (
				22A33CA52E1D43B30089C653 /* WarikanAppUITests */,
			);
			name = WarikanAppUITests;
			packageProductDependencies = (
			);
			productName = WarikanAppUITests;
			productReference = 22A33CA22E1D43B30089C653 /* WarikanAppUITests.xctest */;
			productType = "com.apple.product-type.bundle.ui-testing";
		};
/* End PBXNativeTarget section */

/* Begin PBXProject section */
		22A33C832E1D43AE0089C653 /* Project object */ = {
			isa = PBXProject;
			attributes = {
				BuildIndependentTargetsInParallel = 1;
				LastSwiftUpdateCheck = 1640;
				LastUpgradeCheck = 1640;
				TargetAttributes = {
					22A33C8A2E1D43AE0089C653 = {
						CreatedOnToolsVersion = 16.4;
					};
					22A33C972E1D43B30089C653 = {
						CreatedOnToolsVersion = 16.4;
						TestTargetID = 22A33C8A2E1D43AE0089C653;
					};
					22A33CA12E1D43B30089C653 = {
						CreatedOnToolsVersion = 16.4;
						TestTargetID = 22A33C8A2E1D43AE0089C653;
					};
				};
			};
			buildConfigurationList = 22A33C862E1D43AE0089C653 /* Build configuration list for PBXProject "WarikanApp" */;
			developmentRegion = en;
			hasScannedForEncodings = 0;
			knownRegions = (
				en,
				Base,
			);
			mainGroup = 22A33C822E1D43AE0089C653;
			minimizedProjectReferenceProxies = 1;
			packageReferences = (
				22CC2BBC2E5DDE8C000C5756 /* XCRemoteSwiftPackageReference "firebase-ios-sdk" */,
			);
			preferredProjectObjectVersion = 77;
			productRefGroup = 22A33C8C2E1D43AE0089C653 /* Products */;
			projectDirPath = "";
			projectRoot = "";
			targets = (
				22A33C8A2E1D43AE0089C653 /* WarikanApp */,
				22A33C972E1D43B30089C653 /* WarikanAppTests */,
				22A33CA12E1D43B30089C653 /* WarikanAppUITests */,
			);
		};
/* End PBXProject section */

/* Begin PBXResourcesBuildPhase section */
		22A33C892E1D43AE0089C653 /* Resources */ = {
			isa = PBXResourcesBuildPhase;
			buildActionMask = 2147483647;
			files = (
				22CC2BBB2E5DDD3C000C5756 /* GoogleService-Info.plist in Resources */,
			);
			runOnlyForDeploymentPostprocessing = 0;
		};
		22A33C962E1D43B30089C653 /* Resources */ = {
			isa = PBXResourcesBuildPhase;
			buildActionMask = 2147483647;
			files = (
			);
			runOnlyForDeploymentPostprocessing = 0;
		};
		22A33CA02E1D43B30089C653 /* Resources */ = {
			isa = PBXResourcesBuildPhase;
			buildActionMask = 2147483647;
			files = (
			);
			runOnlyForDeploymentPostprocessing = 0;
		};
/* End PBXResourcesBuildPhase section */

/* Begin PBXSourcesBuildPhase section */
		22A33C872E1D43AE0089C653 /* Sources */ = {
			isa = PBXSourcesBuildPhase;
			buildActionMask = 2147483647;
			files = (
			);
			runOnlyForDeploymentPostprocessing = 0;
		};
		22A33C942E1D43B30089C653 /* Sources */ = {
			isa = PBXSourcesBuildPhase;
			buildActionMask = 2147483647;
			files = (
			);
			runOnlyForDeploymentPostprocessing = 0;
		};
		22A33C9E2E1D43B30089C653 /* Sources */ = {
			isa = PBXSourcesBuildPhase;
			buildActionMask = 2147483647;
			files = (
			);
			runOnlyForDeploymentPostprocessing = 0;
		};
/* End PBXSourcesBuildPhase section */

/* Begin PBXTargetDependency section */
		22A33C9A2E1D43B30089C653 /* PBXTargetDependency */ = {
			isa = PBXTargetDependency;
			target = 22A33C8A2E1D43AE0089C653 /* WarikanApp */;
			targetProxy = 22A33C992E1D43B30089C653 /* PBXContainerItemProxy */;
		};
		22A33CA42E1D43B30089C653 /* PBXTargetDependency */ = {
			isa = PBXTargetDependency;
			target = 22A33C8A2E1D43AE0089C653 /* WarikanApp */;
			targetProxy = 22A33CA32E1D43B30089C653 /* PBXContainerItemProxy */;
		};
/* End PBXTargetDependency section */

/* Begin XCBuildConfiguration section */
		22A33CAA2E1D43B30089C653 /* Debug */ = {
			isa = XCBuildConfiguration;
			buildSettings = {
				ALWAYS_SEARCH_USER_PATHS = NO;
				ASSETCATALOG_COMPILER_GENERATE_SWIFT_ASSET_SYMBOL_EXTENSIONS = YES;
				CLANG_ANALYZER_NONNULL = YES;
				CLANG_ANALYZER_NUMBER_OBJECT_CONVERSION = YES_AGGRESSIVE;
				CLANG_CXX_LANGUAGE_STANDARD = "gnu++20";
				CLANG_ENABLE_MODULES = YES;
				CLANG_ENABLE_OBJC_ARC = YES;
				CLANG_ENABLE_OBJC_WEAK = YES;
				CLANG_WARN_BLOCK_CAPTURE_AUTORELEASING = YES;
				CLANG_WARN_BOOL_CONVERSION = YES;
				CLANG_WARN_COMMA = YES;
				CLANG_WARN_CONSTANT_CONVERSION = YES;
				CLANG_WARN_DEPRECATED_OBJC_IMPLEMENTATIONS = YES;
				CLANG_WARN_DIRECT_OBJC_ISA_USAGE = YES_ERROR;
				CLANG_WARN_DOCUMENTATION_COMMENTS = YES;
				CLANG_WARN_EMPTY_BODY = YES;
				CLANG_WARN_ENUM_CONVERSION = YES;
				CLANG_WARN_INFINITE_RECURSION = YES;
				CLANG_WARN_INT_CONVERSION = YES;
				CLANG_WARN_NON_LITERAL_NULL_CONVERSION = YES;
				CLANG_WARN_OBJC_IMPLICIT_RETAIN_SELF = YES;
				CLANG_WARN_OBJC_LITERAL_CONVERSION = YES;
				CLANG_WARN_OBJC_ROOT_CLASS = YES_ERROR;
				CLANG_WARN_QUOTED_INCLUDE_IN_FRAMEWORK_HEADER = YES;
				CLANG_WARN_RANGE_LOOP_ANALYSIS = YES;
				CLANG_WARN_STRICT_PROTOTYPES = YES;
				CLANG_WARN_SUSPICIOUS_MOVE = YES;
				CLANG_WARN_UNGUARDED_AVAILABILITY = YES_AGGRESSIVE;
				CLANG_WARN_UNREACHABLE_CODE = YES;
				CLANG_WARN__DUPLICATE_METHOD_MATCH = YES;
				COPY_PHASE_STRIP = NO;
				DEBUG_INFORMATION_FORMAT = dwarf;
				DEVELOPMENT_TEAM = 84G259NVKY;
				ENABLE_STRICT_OBJC_MSGSEND = YES;
				ENABLE_TESTABILITY = YES;
				ENABLE_USER_SCRIPT_SANDBOXING = YES;
				GCC_C_LANGUAGE_STANDARD = gnu17;
				GCC_DYNAMIC_NO_PIC = NO;
				GCC_NO_COMMON_BLOCKS = YES;
				GCC_OPTIMIZATION_LEVEL = 0;
				GCC_PREPROCESSOR_DEFINITIONS = (
					"DEBUG=1",
					"$(inherited)",
				);
				GCC_WARN_64_TO_32_BIT_CONVERSION = YES;
				GCC_WARN_ABOUT_RETURN_TYPE = YES_ERROR;
				GCC_WARN_UNDECLARED_SELECTOR = YES;
				GCC_WARN_UNINITIALIZED_AUTOS = YES_AGGRESSIVE;
				GCC_WARN_UNUSED_FUNCTION = YES;
				GCC_WARN_UNUSED_VARIABLE = YES;
				IPHONEOS_DEPLOYMENT_TARGET = 18.5;
				LOCALIZATION_PREFERS_STRING_CATALOGS = YES;
				MTL_ENABLE_DEBUG_INFO = INCLUDE_SOURCE;
				MTL_FAST_MATH = YES;
				ONLY_ACTIVE_ARCH = YES;
				SDKROOT = iphoneos;
				SWIFT_ACTIVE_COMPILATION_CONDITIONS = "DEBUG $(inherited)";
				SWIFT_OPTIMIZATION_LEVEL = "-Onone";
			};
			name = Debug;
		};
		22A33CAB2E1D43B30089C653 /* Release */ = {
			isa = XCBuildConfiguration;
			buildSettings = {
				ALWAYS_SEARCH_USER_PATHS = NO;
				ASSETCATALOG_COMPILER_GENERATE_SWIFT_ASSET_SYMBOL_EXTENSIONS = YES;
				CLANG_ANALYZER_NONNULL = YES;
				CLANG_ANALYZER_NUMBER_OBJECT_CONVERSION = YES_AGGRESSIVE;
				CLANG_CXX_LANGUAGE_STANDARD = "gnu++20";
				CLANG_ENABLE_MODULES = YES;
				CLANG_ENABLE_OBJC_ARC = YES;
				CLANG_ENABLE_OBJC_WEAK = YES;
				CLANG_WARN_BLOCK_CAPTURE_AUTORELEASING = YES;
				CLANG_WARN_BOOL_CONVERSION = YES;
				CLANG_WARN_COMMA = YES;
				CLANG_WARN_CONSTANT_CONVERSION = YES;
				CLANG_WARN_DEPRECATED_OBJC_IMPLEMENTATIONS = YES;
				CLANG_WARN_DIRECT_OBJC_ISA_USAGE = YES_ERROR;
				CLANG_WARN_DOCUMENTATION_COMMENTS = YES;
				CLANG_WARN_EMPTY_BODY = YES;
				CLANG_WARN_ENUM_CONVERSION = YES;
				CLANG_WARN_INFINITE_RECURSION = YES;
				CLANG_WARN_INT_CONVERSION = YES;
				CLANG_WARN_NON_LITERAL_NULL_CONVERSION = YES;
				CLANG_WARN_OBJC_IMPLICIT_RETAIN_SELF = YES;
				CLANG_WARN_OBJC_LITERAL_CONVERSION = YES;
				CLANG_WARN_OBJC_ROOT_CLASS = YES_ERROR;
				CLANG_WARN_QUOTED_INCLUDE_IN_FRAMEWORK_HEADER = YES;
				CLANG_WARN_RANGE_LOOP_ANALYSIS = YES;
				CLANG_WARN_STRICT_PROTOTYPES = YES;
				CLANG_WARN_SUSPICIOUS_MOVE = YES;
				CLANG_WARN_UNGUARDED_AVAILABILITY = YES_AGGRESSIVE;
				CLANG_WARN_UNREACHABLE_CODE = YES;
				CLANG_WARN__DUPLICATE_METHOD_MATCH = YES;
				COPY_PHASE_STRIP = NO;
				DEBUG_INFORMATION_FORMAT = "dwarf-with-dsym";
				DEVELOPMENT_TEAM = 84G259NVKY;
				ENABLE_NS_ASSERTIONS = NO;
				ENABLE_STRICT_OBJC_MSGSEND = YES;
				ENABLE_USER_SCRIPT_SANDBOXING = YES;
				GCC_C_LANGUAGE_STANDARD = gnu17;
				GCC_NO_COMMON_BLOCKS = YES;
				GCC_WARN_64_TO_32_BIT_CONVERSION = YES;
				GCC_WARN_ABOUT_RETURN_TYPE = YES_ERROR;
				GCC_WARN_UNDECLARED_SELECTOR = YES;
				GCC_WARN_UNINITIALIZED_AUTOS = YES_AGGRESSIVE;
				GCC_WARN_UNUSED_FUNCTION = YES;
				GCC_WARN_UNUSED_VARIABLE = YES;
				IPHONEOS_DEPLOYMENT_TARGET = 18.5;
				LOCALIZATION_PREFERS_STRING_CATALOGS = YES;
				MTL_ENABLE_DEBUG_INFO = NO;
				MTL_FAST_MATH = YES;
				SDKROOT = iphoneos;
				SWIFT_COMPILATION_MODE = wholemodule;
				VALIDATE_PRODUCT = YES;
			};
			name = Release;
		};
		22A33CAD2E1D43B30089C653 /* Debug */ = {
			isa = XCBuildConfiguration;
			buildSettings = {
				ASSETCATALOG_COMPILER_APPICON_NAME = AppIcon;
				ASSETCATALOG_COMPILER_GLOBAL_ACCENT_COLOR_NAME = AccentColor;
				CODE_SIGN_STYLE = Automatic;
				CURRENT_PROJECT_VERSION = 1;
				DEVELOPMENT_TEAM = 84G259NVKY;
				ENABLE_PREVIEWS = YES;
				GENERATE_INFOPLIST_FILE = YES;
				INFOPLIST_KEY_UIApplicationSceneManifest_Generation = YES;
				INFOPLIST_KEY_UIApplicationSupportsIndirectInputEvents = YES;
				INFOPLIST_KEY_UILaunchScreen_Generation = YES;
				INFOPLIST_KEY_UISupportedInterfaceOrientations_iPad = "UIInterfaceOrientationPortrait UIInterfaceOrientationPortraitUpsideDown UIInterfaceOrientationLandscapeLeft UIInterfaceOrientationLandscapeRight";
				INFOPLIST_KEY_UISupportedInterfaceOrientations_iPhone = "UIInterfaceOrientationPortrait UIInterfaceOrientationLandscapeLeft UIInterfaceOrientationLandscapeRight";
				LD_RUNPATH_SEARCH_PATHS = (
					"$(inherited)",
					"@executable_path/Frameworks",
				);
				MARKETING_VERSION = 1.0;
				PRODUCT_BUNDLE_IDENTIFIER = shun.WarikanApp;
				PRODUCT_NAME = "$(TARGET_NAME)";
				SWIFT_EMIT_LOC_STRINGS = YES;
				SWIFT_VERSION = 5.0;
				TARGETED_DEVICE_FAMILY = "1,2";
			};
			name = Debug;
		};
		22A33CAE2E1D43B30089C653 /* Release */ = {
			isa = XCBuildConfiguration;
			buildSettings = {
				ASSETCATALOG_COMPILER_APPICON_NAME = AppIcon;
				ASSETCATALOG_COMPILER_GLOBAL_ACCENT_COLOR_NAME = AccentColor;
				CODE_SIGN_STYLE = Automatic;
				CURRENT_PROJECT_VERSION = 1;
				DEVELOPMENT_TEAM = 84G259NVKY;
				ENABLE_PREVIEWS = YES;
				GENERATE_INFOPLIST_FILE = YES;
				INFOPLIST_KEY_UIApplicationSceneManifest_Generation = YES;
				INFOPLIST_KEY_UIApplicationSupportsIndirectInputEvents = YES;
				INFOPLIST_KEY_UILaunchScreen_Generation = YES;
				INFOPLIST_KEY_UISupportedInterfaceOrientations_iPad = "UIInterfaceOrientationPortrait UIInterfaceOrientationPortraitUpsideDown UIInterfaceOrientationLandscapeLeft UIInterfaceOrientationLandscapeRight";
				INFOPLIST_KEY_UISupportedInterfaceOrientations_iPhone = "UIInterfaceOrientationPortrait UIInterfaceOrientationLandscapeLeft UIInterfaceOrientationLandscapeRight";
				LD_RUNPATH_SEARCH_PATHS = (
					"$(inherited)",
					"@executable_path/Frameworks",
				);
				MARKETING_VERSION = 1.0;
				PRODUCT_BUNDLE_IDENTIFIER = shun.WarikanApp;
				PRODUCT_NAME = "$(TARGET_NAME)";
				SWIFT_EMIT_LOC_STRINGS = YES;
				SWIFT_VERSION = 5.0;
				TARGETED_DEVICE_FAMILY = "1,2";
			};
			name = Release;
		};
		22A33CB02E1D43B30089C653 /* Debug */ = {
			isa = XCBuildConfiguration;
			buildSettings = {
				BUNDLE_LOADER = "$(TEST_HOST)";
				CODE_SIGN_STYLE = Automatic;
				CURRENT_PROJECT_VERSION = 1;
				DEVELOPMENT_TEAM = 84G259NVKY;
				GENERATE_INFOPLIST_FILE = YES;
				IPHONEOS_DEPLOYMENT_TARGET = 18.5;
				MARKETING_VERSION = 1.0;
				PRODUCT_BUNDLE_IDENTIFIER = shun.WarikanAppTests;
				PRODUCT_NAME = "$(TARGET_NAME)";
				SWIFT_EMIT_LOC_STRINGS = NO;
				SWIFT_VERSION = 5.0;
				TARGETED_DEVICE_FAMILY = "1,2";
				TEST_HOST = "$(BUILT_PRODUCTS_DIR)/WarikanApp.app/$(BUNDLE_EXECUTABLE_FOLDER_PATH)/WarikanApp";
			};
			name = Debug;
		};
		22A33CB12E1D43B30089C653 /* Release */ = {
			isa = XCBuildConfiguration;
			buildSettings = {
				BUNDLE_LOADER = "$(TEST_HOST)";
				CODE_SIGN_STYLE = Automatic;
				CURRENT_PROJECT_VERSION = 1;
				DEVELOPMENT_TEAM = 84G259NVKY;
				GENERATE_INFOPLIST_FILE = YES;
				IPHONEOS_DEPLOYMENT_TARGET = 18.5;
				MARKETING_VERSION = 1.0;
				PRODUCT_BUNDLE_IDENTIFIER = shun.WarikanAppTests;
				PRODUCT_NAME = "$(TARGET_NAME)";
				SWIFT_EMIT_LOC_STRINGS = NO;
				SWIFT_VERSION = 5.0;
				TARGETED_DEVICE_FAMILY = "1,2";
				TEST_HOST = "$(BUILT_PRODUCTS_DIR)/WarikanApp.app/$(BUNDLE_EXECUTABLE_FOLDER_PATH)/WarikanApp";
			};
			name = Release;
		};
		22A33CB32E1D43B30089C653 /* Debug */ = {
			isa = XCBuildConfiguration;
			buildSettings = {
				CODE_SIGN_STYLE = Automatic;
				CURRENT_PROJECT_VERSION = 1;
				DEVELOPMENT_TEAM = 84G259NVKY;
				GENERATE_INFOPLIST_FILE = YES;
				MARKETING_VERSION = 1.0;
				PRODUCT_BUNDLE_IDENTIFIER = shun.WarikanAppUITests;
				PRODUCT_NAME = "$(TARGET_NAME)";
				SWIFT_EMIT_LOC_STRINGS = NO;
				SWIFT_VERSION = 5.0;
				TARGETED_DEVICE_FAMILY = "1,2";
				TEST_TARGET_NAME = WarikanApp;
			};
			name = Debug;
		};
		22A33CB42E1D43B30089C653 /* Release */ = {
			isa = XCBuildConfiguration;
			buildSettings = {
				CODE_SIGN_STYLE = Automatic;
				CURRENT_PROJECT_VERSION = 1;
				DEVELOPMENT_TEAM = 84G259NVKY;
				GENERATE_INFOPLIST_FILE = YES;
				MARKETING_VERSION = 1.0;
				PRODUCT_BUNDLE_IDENTIFIER = shun.WarikanAppUITests;
				PRODUCT_NAME = "$(TARGET_NAME)";
				SWIFT_EMIT_LOC_STRINGS = NO;
				SWIFT_VERSION = 5.0;
				TARGETED_DEVICE_FAMILY = "1,2";
				TEST_TARGET_NAME = WarikanApp;
			};
			name = Release;
		};
/* End XCBuildConfiguration section */

/* Begin XCConfigurationList section */
		22A33C862E1D43AE0089C653 /* Build configuration list for PBXProject "WarikanApp" */ = {
			isa = XCConfigurationList;
			buildConfigurations = (
				22A33CAA2E1D43B30089C653 /* Debug */,
				22A33CAB2E1D43B30089C653 /* Release */,
			);
			defaultConfigurationIsVisible = 0;
			defaultConfigurationName = Release;
		};
		22A33CAC2E1D43B30089C653 /* Build configuration list for PBXNativeTarget "WarikanApp" */ = {
			isa = XCConfigurationList;
			buildConfigurations = (
				22A33CAD2E1D43B30089C653 /* Debug */,
				22A33CAE2E1D43B30089C653 /* Release */,
			);
			defaultConfigurationIsVisible = 0;
			defaultConfigurationName = Release;
		};
		22A33CAF2E1D43B30089C653 /* Build configuration list for PBXNativeTarget "WarikanAppTests" */ = {
			isa = XCConfigurationList;
			buildConfigurations = (
				22A33CB02E1D43B30089C653 /* Debug */,
				22A33CB12E1D43B30089C653 /* Release */,
			);
			defaultConfigurationIsVisible = 0;
			defaultConfigurationName = Release;
		};
		22A33CB22E1D43B30089C653 /* Build configuration list for PBXNativeTarget "WarikanAppUITests" */ = {
			isa = XCConfigurationList;
			buildConfigurations = (
				22A33CB32E1D43B30089C653 /* Debug */,
				22A33CB42E1D43B30089C653 /* Release */,
			);
			defaultConfigurationIsVisible = 0;
			defaultConfigurationName = Release;
		};
/* End XCConfigurationList section */

/* Begin XCRemoteSwiftPackageReference section */
		22CC2BBC2E5DDE8C000C5756 /* XCRemoteSwiftPackageReference "firebase-ios-sdk" */ = {
			isa = XCRemoteSwiftPackageReference;
			repositoryURL = "https://github.com/firebase/firebase-ios-sdk";
			requirement = {
				kind = upToNextMajorVersion;
				minimumVersion = 12.1.0;
			};
		};
/* End XCRemoteSwiftPackageReference section */

/* Begin XCSwiftPackageProductDependency section */
		22CC2BBD2E5DDE8C000C5756 /* FirebaseAuth */ = {
			isa = XCSwiftPackageProductDependency;
			package = 22CC2BBC2E5DDE8C000C5756 /* XCRemoteSwiftPackageReference "firebase-ios-sdk" */;
			productName = FirebaseAuth;
		};
		22CC2BBF2E5DDE8C000C5756 /* FirebaseCore */ = {
			isa = XCSwiftPackageProductDependency;
			package = 22CC2BBC2E5DDE8C000C5756 /* XCRemoteSwiftPackageReference "firebase-ios-sdk" */;
			productName = FirebaseCore;
		};
		22CC2BC12E5DDE8C000C5756 /* FirebaseDatabase */ = {
			isa = XCSwiftPackageProductDependency;
			package = 22CC2BBC2E5DDE8C000C5756 /* XCRemoteSwiftPackageReference "firebase-ios-sdk" */;
			productName = FirebaseDatabase;
		};
		22CC2BC32E5DDEF4000C5756 /* FirebaseFirestore */ = {
			isa = XCSwiftPackageProductDependency;
			package = 22CC2BBC2E5DDE8C000C5756 /* XCRemoteSwiftPackageReference "firebase-ios-sdk" */;
			productName = FirebaseFirestore;
		};
/* End XCSwiftPackageProductDependency section */
	};
	rootObject = 22A33C832E1D43AE0089C653 /* Project object */;
}
